
Microsoft Visual Studio Solution File, Format Version 12.00
# Visual Studio Version 16
VisualStudioVersion = 16.0.31829.152
MinimumVisualStudioVersion = 10.0.40219.1
Project("{9A19103F-16F7-4668-BE54-9A1E7A4F7556}") = "Rechner", "Lernen\Rechner.csproj", "{C40E4D9E-8C6A-4464-9FB1-1E5024043F62}"
EndProject
Project("{FAE04EC0-301F-11D3-BF4B-00C04F79EFBC}") = "Primzahlen", "Primzahlen\Primzahlen.csproj", "{3710CAE5-C6D1-4157-8EA5-112F19B7CC1A}"
EndProject
Global
	GlobalSection(SolutionConfigurationPlatforms) = preSolution
		Debug|Any CPU = Debug|Any CPU
		Release|Any CPU = Release|Any CPU
	EndGlobalSection
	GlobalSection(ProjectConfigurationPlatforms) = postSolution
		{C40E4D9E-8C6A-4464-9FB1-1E5024043F62}.Debug|Any CPU.ActiveCfg = Debug|Any CPU
		{C40E4D9E-8C6A-4464-9FB1-1E5024043F62}.Debug|Any CPU.Build.0 = Debug|Any CPU
		{C40E4D9E-8C6A-4464-9FB1-1E5024043F62}.Release|Any CPU.ActiveCfg = Release|Any CPU
		{C40E4D9E-8C6A-4464-9FB1-1E5024043F62}.Release|Any CPU.Build.0 = Release|Any CPU
		{3710CAE5-C6D1-4157-8EA5-112F19B7CC1A}.Debug|Any CPU.ActiveCfg = Debug|Any CPU
		{3710CAE5-C6D1-4157-8EA5-112F19B7CC1A}.Debug|Any CPU.Build.0 = Debug|Any CPU
		{3710CAE5-C6D1-4157-8EA5-112F19B7CC1A}.Release|Any CPU.ActiveCfg = Release|Any CPU
		{3710CAE5-C6D1-4157-8EA5-112F19B7CC1A}.Release|Any CPU.Build.0 = Release|Any CPU
	EndGlobalSection
	GlobalSection(SolutionProperties) = preSolution
		HideSolutionNode = FALSE
	EndGlobalSection
	GlobalSection(ExtensibilityGlobals) = postSolution
		SolutionGuid = {97F07D76-56AE-477D-BBEF-42D05F992B7A}
	EndGlobalSection
EndGlobal
